// !$*UTF8*$!
{
	archiveVersion = 1;
	classes = {
	};
	objectVersion = 46;
	objects = {

/* Begin PBXBuildFile section */
		6DCC581F1BE9412900DED030 /* AppDelegate.swift in Sources */ = {isa = PBXBuildFile; fileRef = 6DCC581E1BE9412900DED030 /* AppDelegate.swift */; };
		6DCC58211BE9412900DED030 /* ViewController.swift in Sources */ = {isa = PBXBuildFile; fileRef = 6DCC58201BE9412900DED030 /* ViewController.swift */; };
		6DCC58241BE9412900DED030 /* Main.storyboard in Resources */ = {isa = PBXBuildFile; fileRef = 6DCC58221BE9412900DED030 /* Main.storyboard */; };
		6DCC58261BE9412900DED030 /* Assets.xcassets in Resources */ = {isa = PBXBuildFile; fileRef = 6DCC58251BE9412900DED030 /* Assets.xcassets */; };
		6DCC58291BE9412900DED030 /* LaunchScreen.storyboard in Resources */ = {isa = PBXBuildFile; fileRef = 6DCC58271BE9412900DED030 /* LaunchScreen.storyboard */; };
		6DCC58341BE9412900DED030 /* hbhTests.swift in Sources */ = {isa = PBXBuildFile; fileRef = 6DCC58331BE9412900DED030 /* hbhTests.swift */; };
		6DCC583F1BE9412900DED030 /* hbhUITests.swift in Sources */ = {isa = PBXBuildFile; fileRef = 6DCC583E1BE9412900DED030 /* hbhUITests.swift */; };
		6DCC58441BE9412900DED030 /* hbh WatchKit App.app in Embed Watch Content */ = {isa = PBXBuildFile; fileRef = 6DCC58431BE9412900DED030 /* hbh WatchKit App.app */; };
		6DCC584A1BE9412A00DED030 /* Interface.storyboard in Resources */ = {isa = PBXBuildFile; fileRef = 6DCC58481BE9412A00DED030 /* Interface.storyboard */; };
		6DCC584C1BE9412A00DED030 /* Assets.xcassets in Resources */ = {isa = PBXBuildFile; fileRef = 6DCC584B1BE9412A00DED030 /* Assets.xcassets */; };
		6DCC58531BE9412A00DED030 /* hbh WatchKit Extension.appex in Embed App Extensions */ = {isa = PBXBuildFile; fileRef = 6DCC58521BE9412A00DED030 /* hbh WatchKit Extension.appex */; settings = {ATTRIBUTES = (RemoveHeadersOnCopy, ); }; };
		6DCC585A1BE9412A00DED030 /* InterfaceController.swift in Sources */ = {isa = PBXBuildFile; fileRef = 6DCC58591BE9412A00DED030 /* InterfaceController.swift */; };
		6DCC585C1BE9412A00DED030 /* ExtensionDelegate.swift in Sources */ = {isa = PBXBuildFile; fileRef = 6DCC585B1BE9412A00DED030 /* ExtensionDelegate.swift */; };
		6DCC585E1BE9412A00DED030 /* NotificationController.swift in Sources */ = {isa = PBXBuildFile; fileRef = 6DCC585D1BE9412A00DED030 /* NotificationController.swift */; };
		6DCC58601BE9412A00DED030 /* Assets.xcassets in Resources */ = {isa = PBXBuildFile; fileRef = 6DCC585F1BE9412A00DED030 /* Assets.xcassets */; };
/* End PBXBuildFile section */

/* Begin PBXContainerItemProxy section */
		6DCC58301BE9412900DED030 /* PBXContainerItemProxy */ = {
			isa = PBXContainerItemProxy;
			containerPortal = 6DCC58131BE9412900DED030 /* Project object */;
			proxyType = 1;
			remoteGlobalIDString = 6DCC581A1BE9412900DED030;
			remoteInfo = hbh;
		};
		6DCC583B1BE9412900DED030 /* PBXContainerItemProxy */ = {
			isa = PBXContainerItemProxy;
			containerPortal = 6DCC58131BE9412900DED030 /* Project object */;
			proxyType = 1;
			remoteGlobalIDString = 6DCC581A1BE9412900DED030;
			remoteInfo = hbh;
		};
		6DCC58451BE9412900DED030 /* PBXContainerItemProxy */ = {
			isa = PBXContainerItemProxy;
			containerPortal = 6DCC58131BE9412900DED030 /* Project object */;
			proxyType = 1;
			remoteGlobalIDString = 6DCC58421BE9412900DED030;
			remoteInfo = "hbh WatchKit App";
		};
		6DCC58541BE9412A00DED030 /* PBXContainerItemProxy */ = {
			isa = PBXContainerItemProxy;
			containerPortal = 6DCC58131BE9412900DED030 /* Project object */;
			proxyType = 1;
			remoteGlobalIDString = 6DCC58511BE9412A00DED030;
			remoteInfo = "hbh WatchKit Extension";
		};
/* End PBXContainerItemProxy section */

/* Begin PBXCopyFilesBuildPhase section */
		6DCC58671BE9412A00DED030 /* Embed App Extensions */ = {
			isa = PBXCopyFilesBuildPhase;
			buildActionMask = 2147483647;
			dstPath = "";
			dstSubfolderSpec = 13;
			files = (
				6DCC58531BE9412A00DED030 /* hbh WatchKit Extension.appex in Embed App Extensions */,
			);
			name = "Embed App Extensions";
			runOnlyForDeploymentPostprocessing = 0;
		};
		6DCC586B1BE9412A00DED030 /* Embed Watch Content */ = {
			isa = PBXCopyFilesBuildPhase;
			buildActionMask = 2147483647;
			dstPath = "$(CONTENTS_FOLDER_PATH)/Watch";
			dstSubfolderSpec = 16;
			files = (
				6DCC58441BE9412900DED030 /* hbh WatchKit App.app in Embed Watch Content */,
			);
			name = "Embed Watch Content";
			runOnlyForDeploymentPostprocessing = 0;
		};
/* End PBXCopyFilesBuildPhase section */

/* Begin PBXFileReference section */
		6DCC581B1BE9412900DED030 /* hbh.app */ = {isa = PBXFileReference; explicitFileType = wrapper.application; includeInIndex = 0; path = hbh.app; sourceTree = BUILT_PRODUCTS_DIR; };
		6DCC581E1BE9412900DED030 /* AppDelegate.swift */ = {isa = PBXFileReference; lastKnownFileType = sourcecode.swift; path = AppDelegate.swift; sourceTree = "<group>"; };
		6DCC58201BE9412900DED030 /* ViewController.swift */ = {isa = PBXFileReference; lastKnownFileType = sourcecode.swift; path = ViewController.swift; sourceTree = "<group>"; };
		6DCC58231BE9412900DED030 /* Base */ = {isa = PBXFileReference; lastKnownFileType = file.storyboard; name = Base; path = Base.lproj/Main.storyboard; sourceTree = "<group>"; };
		6DCC58251BE9412900DED030 /* Assets.xcassets */ = {isa = PBXFileReference; lastKnownFileType = folder.assetcatalog; path = Assets.xcassets; sourceTree = "<group>"; };
		6DCC58281BE9412900DED030 /* Base */ = {isa = PBXFileReference; lastKnownFileType = file.storyboard; name = Base; path = Base.lproj/LaunchScreen.storyboard; sourceTree = "<group>"; };
		6DCC582A1BE9412900DED030 /* Info.plist */ = {isa = PBXFileReference; lastKnownFileType = text.plist.xml; path = Info.plist; sourceTree = "<group>"; };
		6DCC582F1BE9412900DED030 /* hbhTests.xctest */ = {isa = PBXFileReference; explicitFileType = wrapper.cfbundle; includeInIndex = 0; path = hbhTests.xctest; sourceTree = BUILT_PRODUCTS_DIR; };
		6DCC58331BE9412900DED030 /* hbhTests.swift */ = {isa = PBXFileReference; lastKnownFileType = sourcecode.swift; path = hbhTests.swift; sourceTree = "<group>"; };
		6DCC58351BE9412900DED030 /* Info.plist */ = {isa = PBXFileReference; lastKnownFileType = text.plist.xml; path = Info.plist; sourceTree = "<group>"; };
		6DCC583A1BE9412900DED030 /* hbhUITests.xctest */ = {isa = PBXFileReference; explicitFileType = wrapper.cfbundle; includeInIndex = 0; path = hbhUITests.xctest; sourceTree = BUILT_PRODUCTS_DIR; };
		6DCC583E1BE9412900DED030 /* hbhUITests.swift */ = {isa = PBXFileReference; lastKnownFileType = sourcecode.swift; path = hbhUITests.swift; sourceTree = "<group>"; };
		6DCC58401BE9412900DED030 /* Info.plist */ = {isa = PBXFileReference; lastKnownFileType = text.plist.xml; path = Info.plist; sourceTree = "<group>"; };
		6DCC58431BE9412900DED030 /* hbh WatchKit App.app */ = {isa = PBXFileReference; explicitFileType = wrapper.application; includeInIndex = 0; path = "hbh WatchKit App.app"; sourceTree = BUILT_PRODUCTS_DIR; };
		6DCC58491BE9412A00DED030 /* Base */ = {isa = PBXFileReference; lastKnownFileType = file.storyboard; name = Base; path = Base.lproj/Interface.storyboard; sourceTree = "<group>"; };
		6DCC584B1BE9412A00DED030 /* Assets.xcassets */ = {isa = PBXFileReference; lastKnownFileType = folder.assetcatalog; path = Assets.xcassets; sourceTree = "<group>"; };
		6DCC584D1BE9412A00DED030 /* Info.plist */ = {isa = PBXFileReference; lastKnownFileType = text.plist.xml; path = Info.plist; sourceTree = "<group>"; };
		6DCC58521BE9412A00DED030 /* hbh WatchKit Extension.appex */ = {isa = PBXFileReference; explicitFileType = "wrapper.app-extension"; includeInIndex = 0; path = "hbh WatchKit Extension.appex"; sourceTree = BUILT_PRODUCTS_DIR; };
		6DCC58581BE9412A00DED030 /* PushNotificationPayload.apns */ = {isa = PBXFileReference; lastKnownFileType = text; path = PushNotificationPayload.apns; sourceTree = "<group>"; };
		6DCC58591BE9412A00DED030 /* InterfaceController.swift */ = {isa = PBXFileReference; lastKnownFileType = sourcecode.swift; path = InterfaceController.swift; sourceTree = "<group>"; };
		6DCC585B1BE9412A00DED030 /* ExtensionDelegate.swift */ = {isa = PBXFileReference; lastKnownFileType = sourcecode.swift; path = ExtensionDelegate.swift; sourceTree = "<group>"; };
		6DCC585D1BE9412A00DED030 /* NotificationController.swift */ = {isa = PBXFileReference; lastKnownFileType = sourcecode.swift; path = NotificationController.swift; sourceTree = "<group>"; };
		6DCC585F1BE9412A00DED030 /* Assets.xcassets */ = {isa = PBXFileReference; lastKnownFileType = folder.assetcatalog; path = Assets.xcassets; sourceTree = "<group>"; };
		6DCC58611BE9412A00DED030 /* Info.plist */ = {isa = PBXFileReference; lastKnownFileType = text.plist.xml; path = Info.plist; sourceTree = "<group>"; };
/* End PBXFileReference section */

/* Begin PBXFrameworksBuildPhase section */
		6DCC58181BE9412900DED030 /* Frameworks */ = {
			isa = PBXFrameworksBuildPhase;
			buildActionMask = 2147483647;
			files = (
			);
			runOnlyForDeploymentPostprocessing = 0;
		};
		6DCC582C1BE9412900DED030 /* Frameworks */ = {
			isa = PBXFrameworksBuildPhase;
			buildActionMask = 2147483647;
			files = (
			);
			runOnlyForDeploymentPostprocessing = 0;
		};
		6DCC58371BE9412900DED030 /* Frameworks */ = {
			isa = PBXFrameworksBuildPhase;
			buildActionMask = 2147483647;
			files = (
			);
			runOnlyForDeploymentPostprocessing = 0;
		};
		6DCC584F1BE9412A00DED030 /* Frameworks */ = {
			isa = PBXFrameworksBuildPhase;
			buildActionMask = 2147483647;
			files = (
			);
			runOnlyForDeploymentPostprocessing = 0;
		};
/* End PBXFrameworksBuildPhase section */

/* Begin PBXGroup section */
		6DCC58121BE9412800DED030 = {
			isa = PBXGroup;
			children = (
				6DCC581D1BE9412900DED030 /* hbh */,
				6DCC58321BE9412900DED030 /* hbhTests */,
				6DCC583D1BE9412900DED030 /* hbhUITests */,
				6DCC58471BE9412A00DED030 /* hbh WatchKit App */,
				6DCC58561BE9412A00DED030 /* hbh WatchKit Extension */,
				6DCC581C1BE9412900DED030 /* Products */,
			);
			sourceTree = "<group>";
		};
		6DCC581C1BE9412900DED030 /* Products */ = {
			isa = PBXGroup;
			children = (
				6DCC581B1BE9412900DED030 /* hbh.app */,
				6DCC582F1BE9412900DED030 /* hbhTests.xctest */,
				6DCC583A1BE9412900DED030 /* hbhUITests.xctest */,
				6DCC58431BE9412900DED030 /* hbh WatchKit App.app */,
				6DCC58521BE9412A00DED030 /* hbh WatchKit Extension.appex */,
			);
			name = Products;
			sourceTree = "<group>";
		};
		6DCC581D1BE9412900DED030 /* hbh */ = {
			isa = PBXGroup;
			children = (
				6DCC581E1BE9412900DED030 /* AppDelegate.swift */,
				6DCC58201BE9412900DED030 /* ViewController.swift */,
				6DCC58221BE9412900DED030 /* Main.storyboard */,
				6DCC58251BE9412900DED030 /* Assets.xcassets */,
				6DCC58271BE9412900DED030 /* LaunchScreen.storyboard */,
				6DCC582A1BE9412900DED030 /* Info.plist */,
			);
			path = hbh;
			sourceTree = "<group>";
		};
		6DCC58321BE9412900DED030 /* hbhTests */ = {
			isa = PBXGroup;
			children = (
				6DCC58331BE9412900DED030 /* hbhTests.swift */,
				6DCC58351BE9412900DED030 /* Info.plist */,
			);
			path = hbhTests;
			sourceTree = "<group>";
		};
		6DCC583D1BE9412900DED030 /* hbhUITests */ = {
			isa = PBXGroup;
			children = (
				6DCC583E1BE9412900DED030 /* hbhUITests.swift */,
				6DCC58401BE9412900DED030 /* Info.plist */,
			);
			path = hbhUITests;
			sourceTree = "<group>";
		};
		6DCC58471BE9412A00DED030 /* hbh WatchKit App */ = {
			isa = PBXGroup;
			children = (
				6DCC58481BE9412A00DED030 /* Interface.storyboard */,
				6DCC584B1BE9412A00DED030 /* Assets.xcassets */,
				6DCC584D1BE9412A00DED030 /* Info.plist */,
			);
			path = "hbh WatchKit App";
			sourceTree = "<group>";
		};
		6DCC58561BE9412A00DED030 /* hbh WatchKit Extension */ = {
			isa = PBXGroup;
			children = (
				6DCC58591BE9412A00DED030 /* InterfaceController.swift */,
				6DCC585B1BE9412A00DED030 /* ExtensionDelegate.swift */,
				6DCC585D1BE9412A00DED030 /* NotificationController.swift */,
				6DCC585F1BE9412A00DED030 /* Assets.xcassets */,
				6DCC58611BE9412A00DED030 /* Info.plist */,
				6DCC58571BE9412A00DED030 /* Supporting Files */,
			);
			path = "hbh WatchKit Extension";
			sourceTree = "<group>";
		};
		6DCC58571BE9412A00DED030 /* Supporting Files */ = {
			isa = PBXGroup;
			children = (
				6DCC58581BE9412A00DED030 /* PushNotificationPayload.apns */,
			);
			name = "Supporting Files";
			sourceTree = "<group>";
		};
/* End PBXGroup section */

/* Begin PBXNativeTarget section */
		6DCC581A1BE9412900DED030 /* hbh */ = {
			isa = PBXNativeTarget;
			buildConfigurationList = 6DCC586C1BE9412A00DED030 /* Build configuration list for PBXNativeTarget "hbh" */;
			buildPhases = (
				6DCC58171BE9412900DED030 /* Sources */,
				6DCC58181BE9412900DED030 /* Frameworks */,
				6DCC58191BE9412900DED030 /* Resources */,
				6DCC586B1BE9412A00DED030 /* Embed Watch Content */,
			);
			buildRules = (
			);
			dependencies = (
				6DCC58461BE9412900DED030 /* PBXTargetDependency */,
			);
			name = hbh;
			productName = hbh;
			productReference = 6DCC581B1BE9412900DED030 /* hbh.app */;
			productType = "com.apple.product-type.application";
		};
		6DCC582E1BE9412900DED030 /* hbhTests */ = {
			isa = PBXNativeTarget;
			buildConfigurationList = 6DCC586F1BE9412A00DED030 /* Build configuration list for PBXNativeTarget "hbhTests" */;
			buildPhases = (
				6DCC582B1BE9412900DED030 /* Sources */,
				6DCC582C1BE9412900DED030 /* Frameworks */,
				6DCC582D1BE9412900DED030 /* Resources */,
			);
			buildRules = (
			);
			dependencies = (
				6DCC58311BE9412900DED030 /* PBXTargetDependency */,
			);
			name = hbhTests;
			productName = hbhTests;
			productReference = 6DCC582F1BE9412900DED030 /* hbhTests.xctest */;
			productType = "com.apple.product-type.bundle.unit-test";
		};
		6DCC58391BE9412900DED030 /* hbhUITests */ = {
			isa = PBXNativeTarget;
			buildConfigurationList = 6DCC58721BE9412A00DED030 /* Build configuration list for PBXNativeTarget "hbhUITests" */;
			buildPhases = (
				6DCC58361BE9412900DED030 /* Sources */,
				6DCC58371BE9412900DED030 /* Frameworks */,
				6DCC58381BE9412900DED030 /* Resources */,
			);
			buildRules = (
			);
			dependencies = (
				6DCC583C1BE9412900DED030 /* PBXTargetDependency */,
			);
			name = hbhUITests;
			productName = hbhUITests;
			productReference = 6DCC583A1BE9412900DED030 /* hbhUITests.xctest */;
			productType = "com.apple.product-type.bundle.ui-testing";
		};
		6DCC58421BE9412900DED030 /* hbh WatchKit App */ = {
			isa = PBXNativeTarget;
			buildConfigurationList = 6DCC58681BE9412A00DED030 /* Build configuration list for PBXNativeTarget "hbh WatchKit App" */;
			buildPhases = (
				6DCC58411BE9412900DED030 /* Resources */,
				6DCC58671BE9412A00DED030 /* Embed App Extensions */,
			);
			buildRules = (
			);
			dependencies = (
				6DCC58551BE9412A00DED030 /* PBXTargetDependency */,
			);
			name = "hbh WatchKit App";
			productName = "hbh WatchKit App";
			productReference = 6DCC58431BE9412900DED030 /* hbh WatchKit App.app */;
			productType = "com.apple.product-type.application.watchapp2";
		};
		6DCC58511BE9412A00DED030 /* hbh WatchKit Extension */ = {
			isa = PBXNativeTarget;
			buildConfigurationList = 6DCC58641BE9412A00DED030 /* Build configuration list for PBXNativeTarget "hbh WatchKit Extension" */;
			buildPhases = (
				6DCC584E1BE9412A00DED030 /* Sources */,
				6DCC584F1BE9412A00DED030 /* Frameworks */,
				6DCC58501BE9412A00DED030 /* Resources */,
			);
			buildRules = (
			);
			dependencies = (
			);
			name = "hbh WatchKit Extension";
			productName = "hbh WatchKit Extension";
			productReference = 6DCC58521BE9412A00DED030 /* hbh WatchKit Extension.appex */;
			productType = "com.apple.product-type.watchkit2-extension";
		};
/* End PBXNativeTarget section */

/* Begin PBXProject section */
		6DCC58131BE9412900DED030 /* Project object */ = {
			isa = PBXProject;
			attributes = {
				LastSwiftUpdateCheck = 0710;
				LastUpgradeCheck = 0710;
				ORGANIZATIONNAME = Shreshta;
				TargetAttributes = {
					6DCC581A1BE9412900DED030 = {
						CreatedOnToolsVersion = 7.1;
					};
					6DCC582E1BE9412900DED030 = {
						CreatedOnToolsVersion = 7.1;
						TestTargetID = 6DCC581A1BE9412900DED030;
					};
					6DCC58391BE9412900DED030 = {
						CreatedOnToolsVersion = 7.1;
						TestTargetID = 6DCC581A1BE9412900DED030;
					};
					6DCC58421BE9412900DED030 = {
						CreatedOnToolsVersion = 7.1;
					};
					6DCC58511BE9412A00DED030 = {
						CreatedOnToolsVersion = 7.1;
					};
				};
			};
			buildConfigurationList = 6DCC58161BE9412900DED030 /* Build configuration list for PBXProject "hbh" */;
			compatibilityVersion = "Xcode 3.2";
			developmentRegion = English;
			hasScannedForEncodings = 0;
			knownRegions = (
				en,
				Base,
			);
			mainGroup = 6DCC58121BE9412800DED030;
			productRefGroup = 6DCC581C1BE9412900DED030 /* Products */;
			projectDirPath = "";
			projectRoot = "";
			targets = (
				6DCC581A1BE9412900DED030 /* hbh */,
				6DCC582E1BE9412900DED030 /* hbhTests */,
				6DCC58391BE9412900DED030 /* hbhUITests */,
				6DCC58421BE9412900DED030 /* hbh WatchKit App */,
				6DCC58511BE9412A00DED030 /* hbh WatchKit Extension */,
			);
		};
/* End PBXProject section */

/* Begin PBXResourcesBuildPhase section */
		6DCC58191BE9412900DED030 /* Resources */ = {
			isa = PBXResourcesBuildPhase;
			buildActionMask = 2147483647;
			files = (
				6DCC58291BE9412900DED030 /* LaunchScreen.storyboard in Resources */,
				6DCC58261BE9412900DED030 /* Assets.xcassets in Resources */,
				6DCC58241BE9412900DED030 /* Main.storyboard in Resources */,
			);
			runOnlyForDeploymentPostprocessing = 0;
		};
		6DCC582D1BE9412900DED030 /* Resources */ = {
			isa = PBXResourcesBuildPhase;
			buildActionMask = 2147483647;
			files = (
			);
			runOnlyForDeploymentPostprocessing = 0;
		};
		6DCC58381BE9412900DED030 /* Resources */ = {
			isa = PBXResourcesBuildPhase;
			buildActionMask = 2147483647;
			files = (
			);
			runOnlyForDeploymentPostprocessing = 0;
		};
		6DCC58411BE9412900DED030 /* Resources */ = {
			isa = PBXResourcesBuildPhase;
			buildActionMask = 2147483647;
			files = (
				6DCC584C1BE9412A00DED030 /* Assets.xcassets in Resources */,
				6DCC584A1BE9412A00DED030 /* Interface.storyboard in Resources */,
			);
			runOnlyForDeploymentPostprocessing = 0;
		};
		6DCC58501BE9412A00DED030 /* Resources */ = {
			isa = PBXResourcesBuildPhase;
			buildActionMask = 2147483647;
			files = (
				6DCC58601BE9412A00DED030 /* Assets.xcassets in Resources */,
			);
			runOnlyForDeploymentPostprocessing = 0;
		};
/* End PBXResourcesBuildPhase section */

/* Begin PBXSourcesBuildPhase section */
		6DCC58171BE9412900DED030 /* Sources */ = {
			isa = PBXSourcesBuildPhase;
			buildActionMask = 2147483647;
			files = (
				6DCC58211BE9412900DED030 /* ViewController.swift in Sources */,
				6DCC581F1BE9412900DED030 /* AppDelegate.swift in Sources */,
			);
			runOnlyForDeploymentPostprocessing = 0;
		};
		6DCC582B1BE9412900DED030 /* Sources */ = {
			isa = PBXSourcesBuildPhase;
			buildActionMask = 2147483647;
			files = (
				6DCC58341BE9412900DED030 /* hbhTests.swift in Sources */,
			);
			runOnlyForDeploymentPostprocessing = 0;
		};
		6DCC58361BE9412900DED030 /* Sources */ = {
			isa = PBXSourcesBuildPhase;
			buildActionMask = 2147483647;
			files = (
				6DCC583F1BE9412900DED030 /* hbhUITests.swift in Sources */,
			);
			runOnlyForDeploymentPostprocessing = 0;
		};
		6DCC584E1BE9412A00DED030 /* Sources */ = {
			isa = PBXSourcesBuildPhase;
			buildActionMask = 2147483647;
			files = (
				6DCC585E1BE9412A00DED030 /* NotificationController.swift in Sources */,
				6DCC585C1BE9412A00DED030 /* ExtensionDelegate.swift in Sources */,
				6DCC585A1BE9412A00DED030 /* InterfaceController.swift in Sources */,
			);
			runOnlyForDeploymentPostprocessing = 0;
		};
/* End PBXSourcesBuildPhase section */

/* Begin PBXTargetDependency section */
		6DCC58311BE9412900DED030 /* PBXTargetDependency */ = {
			isa = PBXTargetDependency;
			target = 6DCC581A1BE9412900DED030 /* hbh */;
			targetProxy = 6DCC58301BE9412900DED030 /* PBXContainerItemProxy */;
		};
		6DCC583C1BE9412900DED030 /* PBXTargetDependency */ = {
			isa = PBXTargetDependency;
			target = 6DCC581A1BE9412900DED030 /* hbh */;
			targetProxy = 6DCC583B1BE9412900DED030 /* PBXContainerItemProxy */;
		};
		6DCC58461BE9412900DED030 /* PBXTargetDependency */ = {
			isa = PBXTargetDependency;
			target = 6DCC58421BE9412900DED030 /* hbh WatchKit App */;
			targetProxy = 6DCC58451BE9412900DED030 /* PBXContainerItemProxy */;
		};
		6DCC58551BE9412A00DED030 /* PBXTargetDependency */ = {
			isa = PBXTargetDependency;
			target = 6DCC58511BE9412A00DED030 /* hbh WatchKit Extension */;
			targetProxy = 6DCC58541BE9412A00DED030 /* PBXContainerItemProxy */;
		};
/* End PBXTargetDependency section */

/* Begin PBXVariantGroup section */
		6DCC58221BE9412900DED030 /* Main.storyboard */ = {
			isa = PBXVariantGroup;
			children = (
				6DCC58231BE9412900DED030 /* Base */,
			);
			name = Main.storyboard;
			sourceTree = "<group>";
		};
		6DCC58271BE9412900DED030 /* LaunchScreen.storyboard */ = {
			isa = PBXVariantGroup;
			children = (
				6DCC58281BE9412900DED030 /* Base */,
			);
			name = LaunchScreen.storyboard;
			sourceTree = "<group>";
		};
		6DCC58481BE9412A00DED030 /* Interface.storyboard */ = {
			isa = PBXVariantGroup;
			children = (
				6DCC58491BE9412A00DED030 /* Base */,
			);
			name = Interface.storyboard;
			sourceTree = "<group>";
		};
/* End PBXVariantGroup section */

/* Begin XCBuildConfiguration section */
		6DCC58621BE9412A00DED030 /* Debug */ = {
			isa = XCBuildConfiguration;
			buildSettings = {
				ALWAYS_SEARCH_USER_PATHS = NO;
				CLANG_CXX_LANGUAGE_STANDARD = "gnu++0x";
				CLANG_CXX_LIBRARY = "libc++";
				CLANG_ENABLE_MODULES = YES;
				CLANG_ENABLE_OBJC_ARC = YES;
				CLANG_WARN_BOOL_CONVERSION = YES;
				CLANG_WARN_CONSTANT_CONVERSION = YES;
				CLANG_WARN_DIRECT_OBJC_ISA_USAGE = YES_ERROR;
				CLANG_WARN_EMPTY_BODY = YES;
				CLANG_WARN_ENUM_CONVERSION = YES;
				CLANG_WARN_INT_CONVERSION = YES;
				CLANG_WARN_OBJC_ROOT_CLASS = YES_ERROR;
				CLANG_WARN_UNREACHABLE_CODE = YES;
				CLANG_WARN__DUPLICATE_METHOD_MATCH = YES;
				"CODE_SIGN_IDENTITY[sdk=iphoneos*]" = "iPhone Developer";
				COPY_PHASE_STRIP = NO;
				DEBUG_INFORMATION_FORMAT = dwarf;
				ENABLE_STRICT_OBJC_MSGSEND = YES;
				ENABLE_TESTABILITY = YES;
				GCC_C_LANGUAGE_STANDARD = gnu99;
				GCC_DYNAMIC_NO_PIC = NO;
				GCC_NO_COMMON_BLOCKS = YES;
				GCC_OPTIMIZATION_LEVEL = 0;
				GCC_PREPROCESSOR_DEFINITIONS = (
					"DEBUG=1",
					"$(inherited)",
				);
				GCC_WARN_64_TO_32_BIT_CONVERSION = YES;
				GCC_WARN_ABOUT_RETURN_TYPE = YES_ERROR;
				GCC_WARN_UNDECLARED_SELECTOR = YES;
				GCC_WARN_UNINITIALIZED_AUTOS = YES_AGGRESSIVE;
				GCC_WARN_UNUSED_FUNCTION = YES;
				GCC_WARN_UNUSED_VARIABLE = YES;
				IPHONEOS_DEPLOYMENT_TARGET = 9.1;
				MTL_ENABLE_DEBUG_INFO = YES;
				ONLY_ACTIVE_ARCH = YES;
				SDKROOT = iphoneos;
				SWIFT_OPTIMIZATION_LEVEL = "-Onone";
			};
			name = Debug;
		};
		6DCC58631BE9412A00DED030 /* Release */ = {
			isa = XCBuildConfiguration;
			buildSettings = {
				ALWAYS_SEARCH_USER_PATHS = NO;
				CLANG_CXX_LANGUAGE_STANDARD = "gnu++0x";
				CLANG_CXX_LIBRARY = "libc++";
				CLANG_ENABLE_MODULES = YES;
				CLANG_ENABLE_OBJC_ARC = YES;
				CLANG_WARN_BOOL_CONVERSION = YES;
				CLANG_WARN_CONSTANT_CONVERSION = YES;
				CLANG_WARN_DIRECT_OBJC_ISA_USAGE = YES_ERROR;
				CLANG_WARN_EMPTY_BODY = YES;
				CLANG_WARN_ENUM_CONVERSION = YES;
				CLANG_WARN_INT_CONVERSION = YES;
				CLANG_WARN_OBJC_ROOT_CLASS = YES_ERROR;
				CLANG_WARN_UNREACHABLE_CODE = YES;
				CLANG_WARN__DUPLICATE_METHOD_MATCH = YES;
				"CODE_SIGN_IDENTITY[sdk=iphoneos*]" = "iPhone Developer";
				COPY_PHASE_STRIP = NO;
				DEBUG_INFORMATION_FORMAT = "dwarf-with-dsym";
				ENABLE_NS_ASSERTIONS = NO;
				ENABLE_STRICT_OBJC_MSGSEND = YES;
				GCC_C_LANGUAGE_STANDARD = gnu99;
				GCC_NO_COMMON_BLOCKS = YES;
				GCC_WARN_64_TO_32_BIT_CONVERSION = YES;
				GCC_WARN_ABOUT_RETURN_TYPE = YES_ERROR;
				GCC_WARN_UNDECLARED_SELECTOR = YES;
				GCC_WARN_UNINITIALIZED_AUTOS = YES_AGGRESSIVE;
				GCC_WARN_UNUSED_FUNCTION = YES;
				GCC_WARN_UNUSED_VARIABLE = YES;
				IPHONEOS_DEPLOYMENT_TARGET = 9.1;
				MTL_ENABLE_DEBUG_INFO = NO;
				SDKROOT = iphoneos;
				VALIDATE_PRODUCT = YES;
			};
			name = Release;
		};
		6DCC58651BE9412A00DED030 /* Debug */ = {
			isa = XCBuildConfiguration;
			buildSettings = {
				INFOPLIST_FILE = "hbh WatchKit Extension/Info.plist";
				LD_RUNPATH_SEARCH_PATHS = "$(inherited) @executable_path/Frameworks @executable_path/../../Frameworks";
				PRODUCT_BUNDLE_IDENTIFIER = com.shreshta.hbh.watchkitapp.watchkitextension;
				PRODUCT_NAME = "${TARGET_NAME}";
				SDKROOT = watchos;
				SKIP_INSTALL = YES;
				TARGETED_DEVICE_FAMILY = 4;
				WATCHOS_DEPLOYMENT_TARGET = 2.0;
			};
			name = Debug;
		};
		6DCC58661BE9412A00DED030 /* Release */ = {
			isa = XCBuildConfiguration;
			buildSettings = {
				INFOPLIST_FILE = "hbh WatchKit Extension/Info.plist";
				LD_RUNPATH_SEARCH_PATHS = "$(inherited) @executable_path/Frameworks @executable_path/../../Frameworks";
				PRODUCT_BUNDLE_IDENTIFIER = com.shreshta.hbh.watchkitapp.watchkitextension;
				PRODUCT_NAME = "${TARGET_NAME}";
				SDKROOT = watchos;
				SKIP_INSTALL = YES;
				TARGETED_DEVICE_FAMILY = 4;
				WATCHOS_DEPLOYMENT_TARGET = 2.0;
			};
			name = Release;
		};
		6DCC58691BE9412A00DED030 /* Debug */ = {
			isa = XCBuildConfiguration;
			buildSettings = {
				ASSETCATALOG_COMPILER_APPICON_NAME = AppIcon;
				EMBEDDED_CONTENT_CONTAINS_SWIFT = YES;
				IBSC_MODULE = hbh_WatchKit_Extension;
				INFOPLIST_FILE = "hbh WatchKit App/Info.plist";
				PRODUCT_BUNDLE_IDENTIFIER = com.shreshta.hbh.watchkitapp;
				PRODUCT_NAME = "$(TARGET_NAME)";
				SDKROOT = watchos;
				SKIP_INSTALL = YES;
				TARGETED_DEVICE_FAMILY = 4;
				WATCHOS_DEPLOYMENT_TARGET = 2.0;
			};
			name = Debug;
		};
		6DCC586A1BE9412A00DED030 /* Release */ = {
			isa = XCBuildConfiguration;
			buildSettings = {
				ASSETCATALOG_COMPILER_APPICON_NAME = AppIcon;
				EMBEDDED_CONTENT_CONTAINS_SWIFT = YES;
				IBSC_MODULE = hbh_WatchKit_Extension;
				INFOPLIST_FILE = "hbh WatchKit App/Info.plist";
				PRODUCT_BUNDLE_IDENTIFIER = com.shreshta.hbh.watchkitapp;
				PRODUCT_NAME = "$(TARGET_NAME)";
				SDKROOT = watchos;
				SKIP_INSTALL = YES;
				TARGETED_DEVICE_FAMILY = 4;
				WATCHOS_DEPLOYMENT_TARGET = 2.0;
			};
			name = Release;
		};
		6DCC586D1BE9412A00DED030 /* Debug */ = {
			isa = XCBuildConfiguration;
			buildSettings = {
				ASSETCATALOG_COMPILER_APPICON_NAME = AppIcon;
				INFOPLIST_FILE = hbh/Info.plist;
				LD_RUNPATH_SEARCH_PATHS = "$(inherited) @executable_path/Frameworks";
				PRODUCT_BUNDLE_IDENTIFIER = com.shreshta.hbh;
				PRODUCT_NAME = "$(TARGET_NAME)";
			};
			name = Debug;
		};
		6DCC586E1BE9412A00DED030 /* Release */ = {
			isa = XCBuildConfiguration;
			buildSettings = {
				ASSETCATALOG_COMPILER_APPICON_NAME = AppIcon;
				INFOPLIST_FILE = hbh/Info.plist;
				LD_RUNPATH_SEARCH_PATHS = "$(inherited) @executable_path/Frameworks";
				PRODUCT_BUNDLE_IDENTIFIER = com.shreshta.hbh;
				PRODUCT_NAME = "$(TARGET_NAME)";
			};
			name = Release;
		};
		6DCC58701BE9412A00DED030 /* Debug */ = {
			isa = XCBuildConfiguration;
			buildSettings = {
				BUNDLE_LOADER = "$(TEST_HOST)";
				INFOPLIST_FILE = hbhTests/Info.plist;
				LD_RUNPATH_SEARCH_PATHS = "$(inherited) @executable_path/Frameworks @loader_path/Frameworks";
				PRODUCT_BUNDLE_IDENTIFIER = com.shreshta.hbhTests;
				PRODUCT_NAME = "$(TARGET_NAME)";
				TEST_HOST = "$(BUILT_PRODUCTS_DIR)/hbh.app/hbh";
			};
			name = Debug;
		};
		6DCC58711BE9412A00DED030 /* Release */ = {
			isa = XCBuildConfiguration;
			buildSettings = {
				BUNDLE_LOADER = "$(TEST_HOST)";
				INFOPLIST_FILE = hbhTests/Info.plist;
				LD_RUNPATH_SEARCH_PATHS = "$(inherited) @executable_path/Frameworks @loader_path/Frameworks";
				PRODUCT_BUNDLE_IDENTIFIER = com.shreshta.hbhTests;
				PRODUCT_NAME = "$(TARGET_NAME)";
				TEST_HOST = "$(BUILT_PRODUCTS_DIR)/hbh.app/hbh";
			};
			name = Release;
		};
		6DCC58731BE9412A00DED030 /* Debug */ = {
			isa = XCBuildConfiguration;
			buildSettings = {
				INFOPLIST_FILE = hbhUITests/Info.plist;
				LD_RUNPATH_SEARCH_PATHS = "$(inherited) @executable_path/Frameworks @loader_path/Frameworks";
				PRODUCT_BUNDLE_IDENTIFIER = com.shreshta.hbhUITests;
				PRODUCT_NAME = "$(TARGET_NAME)";
				TEST_TARGET_NAME = hbh;
				USES_XCTRUNNER = YES;
			};
			name = Debug;
		};
		6DCC58741BE9412A00DED030 /* Release */ = {
			isa = XCBuildConfiguration;
			buildSettings = {
				INFOPLIST_FILE = hbhUITests/Info.plist;
				LD_RUNPATH_SEARCH_PATHS = "$(inherited) @executable_path/Frameworks @loader_path/Frameworks";
				PRODUCT_BUNDLE_IDENTIFIER = com.shreshta.hbhUITests;
				PRODUCT_NAME = "$(TARGET_NAME)";
				TEST_TARGET_NAME = hbh;
				USES_XCTRUNNER = YES;
			};
			name = Release;
		};
/* End XCBuildConfiguration section */

/* Begin XCConfigurationList section */
		6DCC58161BE9412900DED030 /* Build configuration list for PBXProject "hbh" */ = {
			isa = XCConfigurationList;
			buildConfigurations = (
				6DCC58621BE9412A00DED030 /* Debug */,
				6DCC58631BE9412A00DED030 /* Release */,
			);
			defaultConfigurationIsVisible = 0;
			defaultConfigurationName = Release;
		};
		6DCC58641BE9412A00DED030 /* Build configuration list for PBXNativeTarget "hbh WatchKit Extension" */ = {
			isa = XCConfigurationList;
			buildConfigurations = (
				6DCC58651BE9412A00DED030 /* Debug */,
				6DCC58661BE9412A00DED030 /* Release */,
			);
			defaultConfigurationIsVisible = 0;
		};
		6DCC58681BE9412A00DED030 /* Build configuration list for PBXNativeTarget "hbh WatchKit App" */ = {
			isa = XCConfigurationList;
			buildConfigurations = (
				6DCC58691BE9412A00DED030 /* Debug */,
				6DCC586A1BE9412A00DED030 /* Release */,
			);
			defaultConfigurationIsVisible = 0;
		};
		6DCC586C1BE9412A00DED030 /* Build configuration list for PBXNativeTarget "hbh" */ = {
			isa = XCConfigurationList;
			buildConfigurations = (
				6DCC586D1BE9412A00DED030 /* Debug */,
				6DCC586E1BE9412A00DED030 /* Release */,
			);
			defaultConfigurationIsVisible = 0;
		};
		6DCC586F1BE9412A00DED030 /* Build configuration list for PBXNativeTarget "hbhTests" */ = {
			isa = XCConfigurationList;
			buildConfigurations = (
				6DCC58701BE9412A00DED030 /* Debug */,
				6DCC58711BE9412A00DED030 /* Release */,
			);
			defaultConfigurationIsVisible = 0;
		};
		6DCC58721BE9412A00DED030 /* Build configuration list for PBXNativeTarget "hbhUITests" */ = {
			isa = XCConfigurationList;
			buildConfigurations = (
				6DCC58731BE9412A00DED030 /* Debug */,
				6DCC58741BE9412A00DED030 /* Release */,
			);
			defaultConfigurationIsVisible = 0;
		};
/* End XCConfigurationList section */
	};
	rootObject = 6DCC58131BE9412900DED030 /* Project object */;
}
